
Microsoft Visual Studio Solution File, Format Version 12.00
# Visual Studio Version 17
VisualStudioVersion = 17.12.35527.113
MinimumVisualStudioVersion = 10.0.40219.1
Project("{8BC9CEB8-8B4A-11D0-8D11-00A0C91BC942}") = "1.Array", "1.Array\1.Array.vcxproj", "{BA912544-42DB-42F3-BFBA-201200C8DEBB}"
EndProject
Project("{8BC9CEB8-8B4A-11D0-8D11-00A0C91BC942}") = "2.List", "2.List\2.List.vcxproj", "{20A6FF76-57BF-460E-A882-A80904B0C498}"
EndProject
Project("{8BC9CEB8-8B4A-11D0-8D11-00A0C91BC942}") = "3.LinkedList", "3.LinkedList\3.LinkedList.vcxproj", "{72BA986E-A405-4FED-8801-575B0C16F9B2}"
EndProject
Project("{8BC9CEB8-8B4A-11D0-8D11-00A0C91BC942}") = "4.TemplateLinkedList", "4.TemplateLinkedList\4.TemplateLinkedList.vcxproj", "{BE04F952-3B15-45DA-94FC-D27392216B99}"
EndProject
Project("{8BC9CEB8-8B4A-11D0-8D11-00A0C91BC942}") = "5.DoubleLinkedList", "5.DoubleLinkedList\5.DoubleLinkedList.vcxproj", "{362B01FE-97AF-4127-BA49-DAA74D0238A9}"
EndProject
Project("{8BC9CEB8-8B4A-11D0-8D11-00A0C91BC942}") = "6.ExpStack", "6.ExpStack\6.ExpStack.vcxproj", "{A03AA383-185E-4834-B903-E244227F9F11}"
EndProject
Project("{8BC9CEB8-8B4A-11D0-8D11-00A0C91BC942}") = "7.TemplateStack", "7.TemplateStack\7.TemplateStack.vcxproj", "{902E5CA5-2F82-41B4-BDFD-424674DE8E34}"
EndProject
Project("{8BC9CEB8-8B4A-11D0-8D11-00A0C91BC942}") = "Random", "Random\Random.vcxproj", "{7E3684D3-7BAF-4429-B419-C8A4CEF7C8BE}"
EndProject
Global
	GlobalSection(SolutionConfigurationPlatforms) = preSolution
		Debug|x64 = Debug|x64
		Debug|x86 = Debug|x86
		Release|x64 = Release|x64
		Release|x86 = Release|x86
	EndGlobalSection
	GlobalSection(ProjectConfigurationPlatforms) = postSolution
		{BA912544-42DB-42F3-BFBA-201200C8DEBB}.Debug|x64.ActiveCfg = Debug|x64
		{BA912544-42DB-42F3-BFBA-201200C8DEBB}.Debug|x64.Build.0 = Debug|x64
		{BA912544-42DB-42F3-BFBA-201200C8DEBB}.Debug|x86.ActiveCfg = Debug|Win32
		{BA912544-42DB-42F3-BFBA-201200C8DEBB}.Debug|x86.Build.0 = Debug|Win32
		{BA912544-42DB-42F3-BFBA-201200C8DEBB}.Release|x64.ActiveCfg = Release|x64
		{BA912544-42DB-42F3-BFBA-201200C8DEBB}.Release|x64.Build.0 = Release|x64
		{BA912544-42DB-42F3-BFBA-201200C8DEBB}.Release|x86.ActiveCfg = Release|Win32
		{BA912544-42DB-42F3-BFBA-201200C8DEBB}.Release|x86.Build.0 = Release|Win32
		{20A6FF76-57BF-460E-A882-A80904B0C498}.Debug|x64.ActiveCfg = Debug|x64
		{20A6FF76-57BF-460E-A882-A80904B0C498}.Debug|x64.Build.0 = Debug|x64
		{20A6FF76-57BF-460E-A882-A80904B0C498}.Debug|x86.ActiveCfg = Debug|Win32
		{20A6FF76-57BF-460E-A882-A80904B0C498}.Debug|x86.Build.0 = Debug|Win32
		{20A6FF76-57BF-460E-A882-A80904B0C498}.Release|x64.ActiveCfg = Release|x64
		{20A6FF76-57BF-460E-A882-A80904B0C498}.Release|x64.Build.0 = Release|x64
		{20A6FF76-57BF-460E-A882-A80904B0C498}.Release|x86.ActiveCfg = Release|Win32
		{20A6FF76-57BF-460E-A882-A80904B0C498}.Release|x86.Build.0 = Release|Win32
		{72BA986E-A405-4FED-8801-575B0C16F9B2}.Debug|x64.ActiveCfg = Debug|x64
		{72BA986E-A405-4FED-8801-575B0C16F9B2}.Debug|x64.Build.0 = Debug|x64
		{72BA986E-A405-4FED-8801-575B0C16F9B2}.Debug|x86.ActiveCfg = Debug|Win32
		{72BA986E-A405-4FED-8801-575B0C16F9B2}.Debug|x86.Build.0 = Debug|Win32
		{72BA986E-A405-4FED-8801-575B0C16F9B2}.Release|x64.ActiveCfg = Release|x64
		{72BA986E-A405-4FED-8801-575B0C16F9B2}.Release|x64.Build.0 = Release|x64
		{72BA986E-A405-4FED-8801-575B0C16F9B2}.Release|x86.ActiveCfg = Release|Win32
		{72BA986E-A405-4FED-8801-575B0C16F9B2}.Release|x86.Build.0 = Release|Win32
		{BE04F952-3B15-45DA-94FC-D27392216B99}.Debug|x64.ActiveCfg = Debug|x64
		{BE04F952-3B15-45DA-94FC-D27392216B99}.Debug|x64.Build.0 = Debug|x64
		{BE04F952-3B15-45DA-94FC-D27392216B99}.Debug|x86.ActiveCfg = Debug|Win32
		{BE04F952-3B15-45DA-94FC-D27392216B99}.Debug|x86.Build.0 = Debug|Win32
		{BE04F952-3B15-45DA-94FC-D27392216B99}.Release|x64.ActiveCfg = Release|x64
		{BE04F952-3B15-45DA-94FC-D27392216B99}.Release|x64.Build.0 = Release|x64
		{BE04F952-3B15-45DA-94FC-D27392216B99}.Release|x86.ActiveCfg = Release|Win32
		{BE04F952-3B15-45DA-94FC-D27392216B99}.Release|x86.Build.0 = Release|Win32
		{362B01FE-97AF-4127-BA49-DAA74D0238A9}.Debug|x64.ActiveCfg = Debug|x64
		{362B01FE-97AF-4127-BA49-DAA74D0238A9}.Debug|x64.Build.0 = Debug|x64
		{362B01FE-97AF-4127-BA49-DAA74D0238A9}.Debug|x86.ActiveCfg = Debug|Win32
		{362B01FE-97AF-4127-BA49-DAA74D0238A9}.Debug|x86.Build.0 = Debug|Win32
		{362B01FE-97AF-4127-BA49-DAA74D0238A9}.Release|x64.ActiveCfg = Release|x64
		{362B01FE-97AF-4127-BA49-DAA74D0238A9}.Release|x64.Build.0 = Release|x64
		{362B01FE-97AF-4127-BA49-DAA74D0238A9}.Release|x86.ActiveCfg = Release|Win32
		{362B01FE-97AF-4127-BA49-DAA74D0238A9}.Release|x86.Build.0 = Release|Win32
		{A03AA383-185E-4834-B903-E244227F9F11}.Debug|x64.ActiveCfg = Debug|x64
		{A03AA383-185E-4834-B903-E244227F9F11}.Debug|x64.Build.0 = Debug|x64
		{A03AA383-185E-4834-B903-E244227F9F11}.Debug|x86.ActiveCfg = Debug|Win32
		{A03AA383-185E-4834-B903-E244227F9F11}.Debug|x86.Build.0 = Debug|Win32
		{A03AA383-185E-4834-B903-E244227F9F11}.Release|x64.ActiveCfg = Release|x64
		{A03AA383-185E-4834-B903-E244227F9F11}.Release|x64.Build.0 = Release|x64
		{A03AA383-185E-4834-B903-E244227F9F11}.Release|x86.ActiveCfg = Release|Win32
		{A03AA383-185E-4834-B903-E244227F9F11}.Release|x86.Build.0 = Release|Win32
		{902E5CA5-2F82-41B4-BDFD-424674DE8E34}.Debug|x64.ActiveCfg = Debug|x64
		{902E5CA5-2F82-41B4-BDFD-424674DE8E34}.Debug|x64.Build.0 = Debug|x64
		{902E5CA5-2F82-41B4-BDFD-424674DE8E34}.Debug|x86.ActiveCfg = Debug|Win32
		{902E5CA5-2F82-41B4-BDFD-424674DE8E34}.Debug|x86.Build.0 = Debug|Win32
		{902E5CA5-2F82-41B4-BDFD-424674DE8E34}.Release|x64.ActiveCfg = Release|x64
		{902E5CA5-2F82-41B4-BDFD-424674DE8E34}.Release|x64.Build.0 = Release|x64
		{902E5CA5-2F82-41B4-BDFD-424674DE8E34}.Release|x86.ActiveCfg = Release|Win32
		{902E5CA5-2F82-41B4-BDFD-424674DE8E34}.Release|x86.Build.0 = Release|Win32
		{7E3684D3-7BAF-4429-B419-C8A4CEF7C8BE}.Debug|x64.ActiveCfg = Debug|x64
		{7E3684D3-7BAF-4429-B419-C8A4CEF7C8BE}.Debug|x64.Build.0 = Debug|x64
		{7E3684D3-7BAF-4429-B419-C8A4CEF7C8BE}.Debug|x86.ActiveCfg = Debug|Win32
		{7E3684D3-7BAF-4429-B419-C8A4CEF7C8BE}.Debug|x86.Build.0 = Debug|Win32
		{7E3684D3-7BAF-4429-B419-C8A4CEF7C8BE}.Release|x64.ActiveCfg = Release|x64
		{7E3684D3-7BAF-4429-B419-C8A4CEF7C8BE}.Release|x64.Build.0 = Release|x64
		{7E3684D3-7BAF-4429-B419-C8A4CEF7C8BE}.Release|x86.ActiveCfg = Release|Win32
		{7E3684D3-7BAF-4429-B419-C8A4CEF7C8BE}.Release|x86.Build.0 = Release|Win32
	EndGlobalSection
	GlobalSection(SolutionProperties) = preSolution
		HideSolutionNode = FALSE
	EndGlobalSection
EndGlobal
